
Microsoft Visual Studio Solution File, Format Version 12.00
# Visual Studio 15
VisualStudioVersion = 15.0.28307.421
MinimumVisualStudioVersion = 10.0.40219.1
Project("{8BC9CEB8-8B4A-11D0-8D11-00A0C91BC942}") = "ModSecurityRegressionTest", "ModSecRegressionTest\ModSecRegressionTest.vcxproj", "{9E746019-7B6A-4949-B33A-7323C19F8EB9}"
EndProject
Project("{8BC9CEB8-8B4A-11D0-8D11-00A0C91BC942}") = "ModSecurityUnitTest", "ModSecurityUnitTest\ModSecurityUnitTest.vcxproj", "{9E746019-0000-0000-0000-000000000000}"
EndProject
Project("{8BC9CEB8-8B4A-11D0-8D11-00A0C91BC942}") = "libModSecurity", "libModSecurity\libModSecurity.vcxproj", "{F629E4EA-75DD-40B8-ABA8-2FEAF31D818E}"
EndProject
Project("{FAE04EC0-301F-11D3-BF4B-00C04F79EFBC}") = "ModSecurityCSharpExample", "ModSecurityCSharpExample\ModSecurityCSharpExample.csproj", "{F41C1E3C-37D8-475E-AA1D-0A354C4A9BDA}"
EndProject
Global
	GlobalSection(SolutionConfigurationPlatforms) = preSolution
		Debug|Any CPU = Debug|Any CPU
		Debug|Win32 = Debug|Win32
		Debug|x64 = Debug|x64
		Debug|x86 = Debug|x86
		MinSizeRel|Any CPU = MinSizeRel|Any CPU
		MinSizeRel|Win32 = MinSizeRel|Win32
		MinSizeRel|x64 = MinSizeRel|x64
		MinSizeRel|x86 = MinSizeRel|x86
		Release|Any CPU = Release|Any CPU
		Release|Win32 = Release|Win32
		Release|x64 = Release|x64
		Release|x86 = Release|x86
		RelWithDebInfo|Any CPU = RelWithDebInfo|Any CPU
		RelWithDebInfo|Win32 = RelWithDebInfo|Win32
		RelWithDebInfo|x64 = RelWithDebInfo|x64
		RelWithDebInfo|x86 = RelWithDebInfo|x86
	EndGlobalSection
	GlobalSection(ProjectConfigurationPlatforms) = postSolution
		{9E746019-7B6A-4949-B33A-7323C19F8EB9}.Debug|Any CPU.ActiveCfg = Debug|Win32
		{9E746019-7B6A-4949-B33A-7323C19F8EB9}.Debug|Win32.ActiveCfg = Debug|Win32
		{9E746019-7B6A-4949-B33A-7323C19F8EB9}.Debug|Win32.Build.0 = Debug|Win32
		{9E746019-7B6A-4949-B33A-7323C19F8EB9}.Debug|x64.ActiveCfg = Debug|x64
		{9E746019-7B6A-4949-B33A-7323C19F8EB9}.Debug|x64.Build.0 = Debug|x64
		{9E746019-7B6A-4949-B33A-7323C19F8EB9}.Debug|x86.ActiveCfg = Debug|Win32
		{9E746019-7B6A-4949-B33A-7323C19F8EB9}.Debug|x86.Build.0 = Debug|Win32
		{9E746019-7B6A-4949-B33A-7323C19F8EB9}.MinSizeRel|Any CPU.ActiveCfg = Release|x64
		{9E746019-7B6A-4949-B33A-7323C19F8EB9}.MinSizeRel|Any CPU.Build.0 = Release|x64
		{9E746019-7B6A-4949-B33A-7323C19F8EB9}.MinSizeRel|Win32.ActiveCfg = Release|Win32
		{9E746019-7B6A-4949-B33A-7323C19F8EB9}.MinSizeRel|Win32.Build.0 = Release|Win32
		{9E746019-7B6A-4949-B33A-7323C19F8EB9}.MinSizeRel|x64.ActiveCfg = Release|x64
		{9E746019-7B6A-4949-B33A-7323C19F8EB9}.MinSizeRel|x64.Build.0 = Release|x64
		{9E746019-7B6A-4949-B33A-7323C19F8EB9}.MinSizeRel|x86.ActiveCfg = Release|Win32
		{9E746019-7B6A-4949-B33A-7323C19F8EB9}.MinSizeRel|x86.Build.0 = Release|Win32
		{9E746019-7B6A-4949-B33A-7323C19F8EB9}.Release|Any CPU.ActiveCfg = Release|Win32
		{9E746019-7B6A-4949-B33A-7323C19F8EB9}.Release|Win32.ActiveCfg = Release|Win32
		{9E746019-7B6A-4949-B33A-7323C19F8EB9}.Release|Win32.Build.0 = Release|Win32
		{9E746019-7B6A-4949-B33A-7323C19F8EB9}.Release|x64.ActiveCfg = Release|x64
		{9E746019-7B6A-4949-B33A-7323C19F8EB9}.Release|x64.Build.0 = Release|x64
		{9E746019-7B6A-4949-B33A-7323C19F8EB9}.Release|x86.ActiveCfg = Release|Win32
		{9E746019-7B6A-4949-B33A-7323C19F8EB9}.Release|x86.Build.0 = Release|Win32
		{9E746019-7B6A-4949-B33A-7323C19F8EB9}.RelWithDebInfo|Any CPU.ActiveCfg = Release|x64
		{9E746019-7B6A-4949-B33A-7323C19F8EB9}.RelWithDebInfo|Any CPU.Build.0 = Release|x64
		{9E746019-7B6A-4949-B33A-7323C19F8EB9}.RelWithDebInfo|Win32.ActiveCfg = Release|Win32
		{9E746019-7B6A-4949-B33A-7323C19F8EB9}.RelWithDebInfo|Win32.Build.0 = Release|Win32
		{9E746019-7B6A-4949-B33A-7323C19F8EB9}.RelWithDebInfo|x64.ActiveCfg = Release|x64
		{9E746019-7B6A-4949-B33A-7323C19F8EB9}.RelWithDebInfo|x64.Build.0 = Release|x64
		{9E746019-7B6A-4949-B33A-7323C19F8EB9}.RelWithDebInfo|x86.ActiveCfg = Release|Win32
		{9E746019-7B6A-4949-B33A-7323C19F8EB9}.RelWithDebInfo|x86.Build.0 = Release|Win32
		{9E746019-0000-0000-0000-000000000000}.Debug|Any CPU.ActiveCfg = Debug|Win32
		{9E746019-0000-0000-0000-000000000000}.Debug|Win32.ActiveCfg = Debug|Win32
		{9E746019-0000-0000-0000-000000000000}.Debug|Win32.Build.0 = Debug|Win32
		{9E746019-0000-0000-0000-000000000000}.Debug|x64.ActiveCfg = Debug|x64
		{9E746019-0000-0000-0000-000000000000}.Debug|x64.Build.0 = Debug|x64
		{9E746019-0000-0000-0000-000000000000}.Debug|x86.ActiveCfg = Debug|Win32
		{9E746019-0000-0000-0000-000000000000}.Debug|x86.Build.0 = Debug|Win32
		{9E746019-0000-0000-0000-000000000000}.MinSizeRel|Any CPU.ActiveCfg = Release|x64
		{9E746019-0000-0000-0000-000000000000}.MinSizeRel|Any CPU.Build.0 = Release|x64
		{9E746019-0000-0000-0000-000000000000}.MinSizeRel|Win32.ActiveCfg = Release|Win32
		{9E746019-0000-0000-0000-000000000000}.MinSizeRel|Win32.Build.0 = Release|Win32
		{9E746019-0000-0000-0000-000000000000}.MinSizeRel|x64.ActiveCfg = Release|x64
		{9E746019-0000-0000-0000-000000000000}.MinSizeRel|x64.Build.0 = Release|x64
		{9E746019-0000-0000-0000-000000000000}.MinSizeRel|x86.ActiveCfg = Release|Win32
		{9E746019-0000-0000-0000-000000000000}.MinSizeRel|x86.Build.0 = Release|Win32
		{9E746019-0000-0000-0000-000000000000}.Release|Any CPU.ActiveCfg = Release|Win32
		{9E746019-0000-0000-0000-000000000000}.Release|Win32.ActiveCfg = Release|Win32
		{9E746019-0000-0000-0000-000000000000}.Release|Win32.Build.0 = Release|Win32
		{9E746019-0000-0000-0000-000000000000}.Release|x64.ActiveCfg = Release|x64
		{9E746019-0000-0000-0000-000000000000}.Release|x64.Build.0 = Release|x64
		{9E746019-0000-0000-0000-000000000000}.Release|x86.ActiveCfg = Release|Win32
		{9E746019-0000-0000-0000-000000000000}.Release|x86.Build.0 = Release|Win32
		{9E746019-0000-0000-0000-000000000000}.RelWithDebInfo|Any CPU.ActiveCfg = Release|x64
		{9E746019-0000-0000-0000-000000000000}.RelWithDebInfo|Any CPU.Build.0 = Release|x64
		{9E746019-0000-0000-0000-000000000000}.RelWithDebInfo|Win32.ActiveCfg = Release|Win32
		{9E746019-0000-0000-0000-000000000000}.RelWithDebInfo|Win32.Build.0 = Release|Win32
		{9E746019-0000-0000-0000-000000000000}.RelWithDebInfo|x64.ActiveCfg = Release|x64
		{9E746019-0000-0000-0000-000000000000}.RelWithDebInfo|x64.Build.0 = Release|x64
		{9E746019-0000-0000-0000-000000000000}.RelWithDebInfo|x86.ActiveCfg = Release|Win32
		{9E746019-0000-0000-0000-000000000000}.RelWithDebInfo|x86.Build.0 = Release|Win32
		{F629E4EA-75DD-40B8-ABA8-2FEAF31D818E}.Debug|Any CPU.ActiveCfg = Debug|Win32
		{F629E4EA-75DD-40B8-ABA8-2FEAF31D818E}.Debug|Win32.ActiveCfg = Debug|Win32
		{F629E4EA-75DD-40B8-ABA8-2FEAF31D818E}.Debug|Win32.Build.0 = Debug|Win32
		{F629E4EA-75DD-40B8-ABA8-2FEAF31D818E}.Debug|x64.ActiveCfg = Debug|x64
		{F629E4EA-75DD-40B8-ABA8-2FEAF31D818E}.Debug|x64.Build.0 = Debug|x64
		{F629E4EA-75DD-40B8-ABA8-2FEAF31D818E}.Debug|x86.ActiveCfg = Debug|Win32
		{F629E4EA-75DD-40B8-ABA8-2FEAF31D818E}.Debug|x86.Build.0 = Debug|Win32
		{F629E4EA-75DD-40B8-ABA8-2FEAF31D818E}.MinSizeRel|Any CPU.ActiveCfg = Release|x64
		{F629E4EA-75DD-40B8-ABA8-2FEAF31D818E}.MinSizeRel|Any CPU.Build.0 = Release|x64
		{F629E4EA-75DD-40B8-ABA8-2FEAF31D818E}.MinSizeRel|Win32.ActiveCfg = Release|Win32
		{F629E4EA-75DD-40B8-ABA8-2FEAF31D818E}.MinSizeRel|Win32.Build.0 = Release|Win32
		{F629E4EA-75DD-40B8-ABA8-2FEAF31D818E}.MinSizeRel|x64.ActiveCfg = Release|x64
		{F629E4EA-75DD-40B8-ABA8-2FEAF31D818E}.MinSizeRel|x64.Build.0 = Release|x64
		{F629E4EA-75DD-40B8-ABA8-2FEAF31D818E}.MinSizeRel|x86.ActiveCfg = Release|Win32
		{F629E4EA-75DD-40B8-ABA8-2FEAF31D818E}.MinSizeRel|x86.Build.0 = Release|Win32
		{F629E4EA-75DD-40B8-ABA8-2FEAF31D818E}.Release|Any CPU.ActiveCfg = Release|Win32
		{F629E4EA-75DD-40B8-ABA8-2FEAF31D818E}.Release|Win32.ActiveCfg = Release|Win32
		{F629E4EA-75DD-40B8-ABA8-2FEAF31D818E}.Release|Win32.Build.0 = Release|Win32
		{F629E4EA-75DD-40B8-ABA8-2FEAF31D818E}.Release|x64.ActiveCfg = Release|x64
		{F629E4EA-75DD-40B8-ABA8-2FEAF31D818E}.Release|x64.Build.0 = Release|x64
		{F629E4EA-75DD-40B8-ABA8-2FEAF31D818E}.Release|x86.ActiveCfg = Release|Win32
		{F629E4EA-75DD-40B8-ABA8-2FEAF31D818E}.Release|x86.Build.0 = Release|Win32
		{F629E4EA-75DD-40B8-ABA8-2FEAF31D818E}.RelWithDebInfo|Any CPU.ActiveCfg = Release|x64
		{F629E4EA-75DD-40B8-ABA8-2FEAF31D818E}.RelWithDebInfo|Any CPU.Build.0 = Release|x64
		{F629E4EA-75DD-40B8-ABA8-2FEAF31D818E}.RelWithDebInfo|Win32.ActiveCfg = Release|Win32
		{F629E4EA-75DD-40B8-ABA8-2FEAF31D818E}.RelWithDebInfo|Win32.Build.0 = Release|Win32
		{F629E4EA-75DD-40B8-ABA8-2FEAF31D818E}.RelWithDebInfo|x64.ActiveCfg = Release|x64
		{F629E4EA-75DD-40B8-ABA8-2FEAF31D818E}.RelWithDebInfo|x64.Build.0 = Release|x64
		{F629E4EA-75DD-40B8-ABA8-2FEAF31D818E}.RelWithDebInfo|x86.ActiveCfg = Release|Win32
		{F629E4EA-75DD-40B8-ABA8-2FEAF31D818E}.RelWithDebInfo|x86.Build.0 = Release|Win32
		{F41C1E3C-37D8-475E-AA1D-0A354C4A9BDA}.Debug|Any CPU.ActiveCfg = Debug|Any CPU
		{F41C1E3C-37D8-475E-AA1D-0A354C4A9BDA}.Debug|Any CPU.Build.0 = Debug|Any CPU
		{F41C1E3C-37D8-475E-AA1D-0A354C4A9BDA}.Debug|Win32.ActiveCfg = Debug|Any CPU
		{F41C1E3C-37D8-475E-AA1D-0A354C4A9BDA}.Debug|Win32.Build.0 = Debug|Any CPU
		{F41C1E3C-37D8-475E-AA1D-0A354C4A9BDA}.Debug|x64.ActiveCfg = Debug|Any CPU
		{F41C1E3C-37D8-475E-AA1D-0A354C4A9BDA}.Debug|x64.Build.0 = Debug|Any CPU
		{F41C1E3C-37D8-475E-AA1D-0A354C4A9BDA}.Debug|x86.ActiveCfg = Debug|Any CPU
		{F41C1E3C-37D8-475E-AA1D-0A354C4A9BDA}.Debug|x86.Build.0 = Debug|Any CPU
		{F41C1E3C-37D8-475E-AA1D-0A354C4A9BDA}.MinSizeRel|Any CPU.ActiveCfg = Release|Any CPU
		{F41C1E3C-37D8-475E-AA1D-0A354C4A9BDA}.MinSizeRel|Any CPU.Build.0 = Release|Any CPU
		{F41C1E3C-37D8-475E-AA1D-0A354C4A9BDA}.MinSizeRel|Win32.ActiveCfg = Release|Any CPU
		{F41C1E3C-37D8-475E-AA1D-0A354C4A9BDA}.MinSizeRel|Win32.Build.0 = Release|Any CPU
		{F41C1E3C-37D8-475E-AA1D-0A354C4A9BDA}.MinSizeRel|x64.ActiveCfg = Release|Any CPU
		{F41C1E3C-37D8-475E-AA1D-0A354C4A9BDA}.MinSizeRel|x64.Build.0 = Release|Any CPU
		{F41C1E3C-37D8-475E-AA1D-0A354C4A9BDA}.MinSizeRel|x86.ActiveCfg = Release|Any CPU
		{F41C1E3C-37D8-475E-AA1D-0A354C4A9BDA}.MinSizeRel|x86.Build.0 = Release|Any CPU
		{F41C1E3C-37D8-475E-AA1D-0A354C4A9BDA}.Release|Any CPU.ActiveCfg = Release|Any CPU
		{F41C1E3C-37D8-475E-AA1D-0A354C4A9BDA}.Release|Any CPU.Build.0 = Release|Any CPU
		{F41C1E3C-37D8-475E-AA1D-0A354C4A9BDA}.Release|Win32.ActiveCfg = Release|Any CPU
		{F41C1E3C-37D8-475E-AA1D-0A354C4A9BDA}.Release|Win32.Build.0 = Release|Any CPU
		{F41C1E3C-37D8-475E-AA1D-0A354C4A9BDA}.Release|x64.ActiveCfg = Release|Any CPU
		{F41C1E3C-37D8-475E-AA1D-0A354C4A9BDA}.Release|x64.Build.0 = Release|Any CPU
		{F41C1E3C-37D8-475E-AA1D-0A354C4A9BDA}.Release|x86.ActiveCfg = Release|Any CPU
		{F41C1E3C-37D8-475E-AA1D-0A354C4A9BDA}.Release|x86.Build.0 = Release|Any CPU
		{F41C1E3C-37D8-475E-AA1D-0A354C4A9BDA}.RelWithDebInfo|Any CPU.ActiveCfg = Release|Any CPU
		{F41C1E3C-37D8-475E-AA1D-0A354C4A9BDA}.RelWithDebInfo|Any CPU.Build.0 = Release|Any CPU
		{F41C1E3C-37D8-475E-AA1D-0A354C4A9BDA}.RelWithDebInfo|Win32.ActiveCfg = Release|Any CPU
		{F41C1E3C-37D8-475E-AA1D-0A354C4A9BDA}.RelWithDebInfo|Win32.Build.0 = Release|Any CPU
		{F41C1E3C-37D8-475E-AA1D-0A354C4A9BDA}.RelWithDebInfo|x64.ActiveCfg = Release|Any CPU
		{F41C1E3C-37D8-475E-AA1D-0A354C4A9BDA}.RelWithDebInfo|x64.Build.0 = Release|Any CPU
		{F41C1E3C-37D8-475E-AA1D-0A354C4A9BDA}.RelWithDebInfo|x86.ActiveCfg = Release|Any CPU
		{F41C1E3C-37D8-475E-AA1D-0A354C4A9BDA}.RelWithDebInfo|x86.Build.0 = Release|Any CPU
	EndGlobalSection
	GlobalSection(SolutionProperties) = preSolution
		HideSolutionNode = FALSE
	EndGlobalSection
	GlobalSection(ExtensibilityGlobals) = postSolution
		SolutionGuid = {CEC8DA0B-BF82-4EB0-95C2-BB1A9238B932}
	EndGlobalSection
EndGlobal
